
Microsoft Visual Studio Solution File, Format Version 12.00
# Visual Studio Version 17
VisualStudioVersion = 17.11.35327.3
MinimumVisualStudioVersion = 10.0.40219.1
Project("{FAE04EC0-301F-11D3-BF4B-00C04F79EFBC}") = "CourseProject_ShowDesk", "CourseProject_ShowDesk\CourseProject_ShowDesk.csproj", "{85FBD041-F32E-4EC7-BE0C-32A22B31BFCE}"
EndProject
Project("{54435603-DBB4-11D2-8724-00A0C9A8B90C}") = "AppInstaller", "AppInstaller\AppInstaller.vdproj", "{3158C06E-365F-44A2-B005-4A327EB5F129}"
EndProject
Global
	GlobalSection(SolutionConfigurationPlatforms) = preSolution
		Debug|Any CPU = Debug|Any CPU
		Release|Any CPU = Release|Any CPU
	EndGlobalSection
	GlobalSection(ProjectConfigurationPlatforms) = postSolution
		{85FBD041-F32E-4EC7-BE0C-32A22B31BFCE}.Debug|Any CPU.ActiveCfg = Debug|Any CPU
		{85FBD041-F32E-4EC7-BE0C-32A22B31BFCE}.Debug|Any CPU.Build.0 = Debug|Any CPU
		{85FBD041-F32E-4EC7-BE0C-32A22B31BFCE}.Release|Any CPU.ActiveCfg = Release|Any CPU
		{85FBD041-F32E-4EC7-BE0C-32A22B31BFCE}.Release|Any CPU.Build.0 = Release|Any CPU
		{3158C06E-365F-44A2-B005-4A327EB5F129}.Debug|Any CPU.ActiveCfg = Debug
		{3158C06E-365F-44A2-B005-4A327EB5F129}.Release|Any CPU.ActiveCfg = Release
	EndGlobalSection
	GlobalSection(SolutionProperties) = preSolution
		HideSolutionNode = FALSE
	EndGlobalSection
	GlobalSection(ExtensibilityGlobals) = postSolution
		SolutionGuid = {4DE2FF0C-A960-4594-86F3-E023141BDF66}
	EndGlobalSection
EndGlobal
